
Microsoft Visual Studio Solution File, Format Version 12.00
# Visual Studio Version 17
VisualStudioVersion = 17.14.36310.24 d17.14
MinimumVisualStudioVersion = 10.0.40219.1
Project("{FAE04EC0-301F-11D3-BF4B-00C04F79EFBC}") = "AvaloniaImGuiExample", "AvaloniaImGuiExample.csproj", "{862724C2-0533-C26E-D9BF-D5D8E268C06C}"
EndProject
Global
	GlobalSection(SolutionConfigurationPlatforms) = preSolution
		Debug|Any CPU = Debug|Any CPU
		Release|Any CPU = Release|Any CPU
	EndGlobalSection
	GlobalSection(ProjectConfigurationPlatforms) = postSolution
		{862724C2-0533-C26E-D9BF-D5D8E268C06C}.Debug|Any CPU.ActiveCfg = Debug|Any CPU
		{862724C2-0533-C26E-D9BF-D5D8E268C06C}.Debug|Any CPU.Build.0 = Debug|Any CPU
		{862724C2-0533-C26E-D9BF-D5D8E268C06C}.Release|Any CPU.ActiveCfg = Release|Any CPU
		{862724C2-0533-C26E-D9BF-D5D8E268C06C}.Release|Any CPU.Build.0 = Release|Any CPU
	EndGlobalSection
	GlobalSection(SolutionProperties) = preSolution
		HideSolutionNode = FALSE
	EndGlobalSection
	GlobalSection(ExtensibilityGlobals) = postSolution
		SolutionGuid = {43195CEE-6242-4543-91DE-A352EC740737}
	EndGlobalSection
EndGlobal
